// !$*UTF8*$!
{
	archiveVersion = 1;
	classes = {
	};
	objectVersion = 50;
	objects = {

/* Begin PBXBuildFile section */
		639FBE0F2597CA2700ADB01B /* BackgroundColorApp.swift in Sources */ = {isa = PBXBuildFile; fileRef = 639FBE0E2597CA2700ADB01B /* BackgroundColorApp.swift */; };
		639FBE112597CA2700ADB01B /* ContentView.swift in Sources */ = {isa = PBXBuildFile; fileRef = 639FBE102597CA2700ADB01B /* ContentView.swift */; };
		639FBE132597CA2800ADB01B /* Assets.xcassets in Resources */ = {isa = PBXBuildFile; fileRef = 639FBE122597CA2800ADB01B /* Assets.xcassets */; };
		639FBE162597CA2800ADB01B /* Preview Assets.xcassets in Resources */ = {isa = PBXBuildFile; fileRef = 639FBE152597CA2800ADB01B /* Preview Assets.xcassets */; };
		639FBE1F2597CA3F00ADB01B /* ZStackBackgroundColor.swift in Sources */ = {isa = PBXBuildFile; fileRef = 639FBE1E2597CA3F00ADB01B /* ZStackBackgroundColor.swift */; };
		639FBE232597CA8800ADB01B /* BackgroundModifier.swift in Sources */ = {isa = PBXBuildFile; fileRef = 639FBE222597CA8800ADB01B /* BackgroundModifier.swift */; };
		639FBE262597CB1100ADB01B /* MultipleColorsVertical.swift in Sources */ = {isa = PBXBuildFile; fileRef = 639FBE252597CB1100ADB01B /* MultipleColorsVertical.swift */; };
		639FBE2A2597CB4500ADB01B /* MultipleColorsHorizontal.swift in Sources */ = {isa = PBXBuildFile; fileRef = 639FBE292597CB4500ADB01B /* MultipleColorsHorizontal.swift */; };
		639FBE2D2597CB9B00ADB01B /* ChessTableView.swift in Sources */ = {isa = PBXBuildFile; fileRef = 639FBE2C2597CB9B00ADB01B /* ChessTableView.swift */; };
/* End PBXBuildFile section */

/* Begin PBXFileReference section */
		639FBE0B2597CA2700ADB01B /* BackgroundColor.app */ = {isa = PBXFileReference; explicitFileType = wrapper.application; includeInIndex = 0; path = BackgroundColor.app; sourceTree = BUILT_PRODUCTS_DIR; };
		639FBE0E2597CA2700ADB01B /* BackgroundColorApp.swift */ = {isa = PBXFileReference; lastKnownFileType = sourcecode.swift; path = BackgroundColorApp.swift; sourceTree = "<group>"; };
		639FBE102597CA2700ADB01B /* ContentView.swift */ = {isa = PBXFileReference; lastKnownFileType = sourcecode.swift; path = ContentView.swift; sourceTree = "<group>"; };
		639FBE122597CA2800ADB01B /* Assets.xcassets */ = {isa = PBXFileReference; lastKnownFileType = folder.assetcatalog; path = Assets.xcassets; sourceTree = "<group>"; };
		639FBE152597CA2800ADB01B /* Preview Assets.xcassets */ = {isa = PBXFileReference; lastKnownFileType = folder.assetcatalog; path = "Preview Assets.xcassets"; sourceTree = "<group>"; };
		639FBE172597CA2800ADB01B /* Info.plist */ = {isa = PBXFileReference; lastKnownFileType = text.plist.xml; path = Info.plist; sourceTree = "<group>"; };
		639FBE1E2597CA3F00ADB01B /* ZStackBackgroundColor.swift */ = {isa = PBXFileReference; lastKnownFileType = sourcecode.swift; path = ZStackBackgroundColor.swift; sourceTree = "<group>"; };
		639FBE222597CA8800ADB01B /* BackgroundModifier.swift */ = {isa = PBXFileReference; lastKnownFileType = sourcecode.swift; path = BackgroundModifier.swift; sourceTree = "<group>"; };
		639FBE252597CB1100ADB01B /* MultipleColorsVertical.swift */ = {isa = PBXFileReference; lastKnownFileType = sourcecode.swift; path = MultipleColorsVertical.swift; sourceTree = "<group>"; };
		639FBE292597CB4500ADB01B /* MultipleColorsHorizontal.swift */ = {isa = PBXFileReference; lastKnownFileType = sourcecode.swift; path = MultipleColorsHorizontal.swift; sourceTree = "<group>"; };
		639FBE2C2597CB9B00ADB01B /* ChessTableView.swift */ = {isa = PBXFileReference; lastKnownFileType = sourcecode.swift; path = ChessTableView.swift; sourceTree = "<group>"; };
/* End PBXFileReference section */

/* Begin PBXFrameworksBuildPhase section */
		639FBE082597CA2700ADB01B /* Frameworks */ = {
			isa = PBXFrameworksBuildPhase;
			buildActionMask = 2147483647;
			files = (
			);
			runOnlyForDeploymentPostprocessing = 0;
		};
/* End PBXFrameworksBuildPhase section */

/* Begin PBXGroup section */
		639FBE022597CA2700ADB01B = {
			isa = PBXGroup;
			children = (
				639FBE0D2597CA2700ADB01B /* BackgroundColor */,
				639FBE0C2597CA2700ADB01B /* Products */,
			);
			sourceTree = "<group>";
		};
		639FBE0C2597CA2700ADB01B /* Products */ = {
			isa = PBXGroup;
			children = (
				639FBE0B2597CA2700ADB01B /* BackgroundColor.app */,
			);
			name = Products;
			sourceTree = "<group>";
		};
		639FBE0D2597CA2700ADB01B /* BackgroundColor */ = {
			isa = PBXGroup;
			children = (
				639FBE0E2597CA2700ADB01B /* BackgroundColorApp.swift */,
				639FBE102597CA2700ADB01B /* ContentView.swift */,
				639FBE1E2597CA3F00ADB01B /* ZStackBackgroundColor.swift */,
				639FBE222597CA8800ADB01B /* BackgroundModifier.swift */,
				639FBE252597CB1100ADB01B /* MultipleColorsVertical.swift */,
				639FBE292597CB4500ADB01B /* MultipleColorsHorizontal.swift */,
				639FBE2C2597CB9B00ADB01B /* ChessTableView.swift */,
				639FBE122597CA2800ADB01B /* Assets.xcassets */,
				639FBE172597CA2800ADB01B /* Info.plist */,
				639FBE142597CA2800ADB01B /* Preview Content */,
			);
			path = BackgroundColor;
			sourceTree = "<group>";
		};
		639FBE142597CA2800ADB01B /* Preview Content */ = {
			isa = PBXGroup;
			children = (
				639FBE152597CA2800ADB01B /* Preview Assets.xcassets */,
			);
			path = "Preview Content";
			sourceTree = "<group>";
		};
/* End PBXGroup section */

/* Begin PBXNativeTarget section */
		639FBE0A2597CA2700ADB01B /* BackgroundColor */ = {
			isa = PBXNativeTarget;
			buildConfigurationList = 639FBE1A2597CA2800ADB01B /* Build configuration list for PBXNativeTarget "BackgroundColor" */;
			buildPhases = (
				639FBE072597CA2700ADB01B /* Sources */,
				639FBE082597CA2700ADB01B /* Frameworks */,
				639FBE092597CA2700ADB01B /* Resources */,
			);
			buildRules = (
			);
			dependencies = (
			);
			name = BackgroundColor;
			productName = BackgroundColor;
			productReference = 639FBE0B2597CA2700ADB01B /* BackgroundColor.app */;
			productType = "com.apple.product-type.application";
		};
/* End PBXNativeTarget section */

/* Begin PBXProject section */
		639FBE032597CA2700ADB01B /* Project object */ = {
			isa = PBXProject;
			attributes = {
				LastSwiftUpdateCheck = 1230;
				LastUpgradeCheck = 1230;
				TargetAttributes = {
					639FBE0A2597CA2700ADB01B = {
						CreatedOnToolsVersion = 12.3;
					};
				};
			};
			buildConfigurationList = 639FBE062597CA2700ADB01B /* Build configuration list for PBXProject "BackgroundColor" */;
			compatibilityVersion = "Xcode 9.3";
			developmentRegion = en;
			hasScannedForEncodings = 0;
			knownRegions = (
				en,
				Base,
			);
			mainGroup = 639FBE022597CA2700ADB01B;
			productRefGroup = 639FBE0C2597CA2700ADB01B /* Products */;
			projectDirPath = "";
			projectRoot = "";
			targets = (
				639FBE0A2597CA2700ADB01B /* BackgroundColor */,
			);
		};
/* End PBXProject section */

/* Begin PBXResourcesBuildPhase section */
		639FBE092597CA2700ADB01B /* Resources */ = {
			isa = PBXResourcesBuildPhase;
			buildActionMask = 2147483647;
			files = (
				639FBE162597CA2800ADB01B /* Preview Assets.xcassets in Resources */,
				639FBE132597CA2800ADB01B /* Assets.xcassets in Resources */,
			);
			runOnlyForDeploymentPostprocessing = 0;
		};
/* End PBXResourcesBuildPhase section */

/* Begin PBXSourcesBuildPhase section */
		639FBE072597CA2700ADB01B /* Sources */ = {
			isa = PBXSourcesBuildPhase;
			buildActionMask = 2147483647;
			files = (
				639FBE262597CB1100ADB01B /* MultipleColorsVertical.swift in Sources */,
				639FBE1F2597CA3F00ADB01B /* ZStackBackgroundColor.swift in Sources */,
				639FBE112597CA2700ADB01B /* ContentView.swift in Sources */,
				639FBE232597CA8800ADB01B /* BackgroundModifier.swift in Sources */,
				639FBE2D2597CB9B00ADB01B /* ChessTableView.swift in Sources */,
				639FBE0F2597CA2700ADB01B /* BackgroundColorApp.swift in Sources */,
				639FBE2A2597CB4500ADB01B /* MultipleColorsHorizontal.swift in Sources */,
			);
			runOnlyForDeploymentPostprocessing = 0;
		};
/* End PBXSourcesBuildPhase section */

/* Begin XCBuildConfiguration section */
		639FBE182597CA2800ADB01B /* Debug */ = {
			isa = XCBuildConfiguration;
			buildSettings = {
				ALWAYS_SEARCH_USER_PATHS = NO;
				CLANG_ANALYZER_NONNULL = YES;
				CLANG_ANALYZER_NUMBER_OBJECT_CONVERSION = YES_AGGRESSIVE;
				CLANG_CXX_LANGUAGE_STANDARD = "gnu++14";
				CLANG_CXX_LIBRARY = "libc++";
				CLANG_ENABLE_MODULES = YES;
				CLANG_ENABLE_OBJC_ARC = YES;
				CLANG_ENABLE_OBJC_WEAK = YES;
				CLANG_WARN_BLOCK_CAPTURE_AUTORELEASING = YES;
				CLANG_WARN_BOOL_CONVERSION = YES;
				CLANG_WARN_COMMA = YES;
				CLANG_WARN_CONSTANT_CONVERSION = YES;
				CLANG_WARN_DEPRECATED_OBJC_IMPLEMENTATIONS = YES;
				CLANG_WARN_DIRECT_OBJC_ISA_USAGE = YES_ERROR;
				CLANG_WARN_DOCUMENTATION_COMMENTS = YES;
				CLANG_WARN_EMPTY_BODY = YES;
				CLANG_WARN_ENUM_CONVERSION = YES;
				CLANG_WARN_INFINITE_RECURSION = YES;
				CLANG_WARN_INT_CONVERSION = YES;
				CLANG_WARN_NON_LITERAL_NULL_CONVERSION = YES;
				CLANG_WARN_OBJC_IMPLICIT_RETAIN_SELF = YES;
				CLANG_WARN_OBJC_LITERAL_CONVERSION = YES;
				CLANG_WARN_OBJC_ROOT_CLASS = YES_ERROR;
				CLANG_WARN_QUOTED_INCLUDE_IN_FRAMEWORK_HEADER = YES;
				CLANG_WARN_RANGE_LOOP_ANALYSIS = YES;
				CLANG_WARN_STRICT_PROTOTYPES = YES;
				CLANG_WARN_SUSPICIOUS_MOVE = YES;
				CLANG_WARN_UNGUARDED_AVAILABILITY = YES_AGGRESSIVE;
				CLANG_WARN_UNREACHABLE_CODE = YES;
				CLANG_WARN__DUPLICATE_METHOD_MATCH = YES;
				COPY_PHASE_STRIP = NO;
				DEBUG_INFORMATION_FORMAT = dwarf;
				ENABLE_STRICT_OBJC_MSGSEND = YES;
				ENABLE_TESTABILITY = YES;
				GCC_C_LANGUAGE_STANDARD = gnu11;
				GCC_DYNAMIC_NO_PIC = NO;
				GCC_NO_COMMON_BLOCKS = YES;
				GCC_OPTIMIZATION_LEVEL = 0;
				GCC_PREPROCESSOR_DEFINITIONS = (
					"DEBUG=1",
					"$(inherited)",
				);
				GCC_WARN_64_TO_32_BIT_CONVERSION = YES;
				GCC_WARN_ABOUT_RETURN_TYPE = YES_ERROR;
				GCC_WARN_UNDECLARED_SELECTOR = YES;
				GCC_WARN_UNINITIALIZED_AUTOS = YES_AGGRESSIVE;
				GCC_WARN_UNUSED_FUNCTION = YES;
				GCC_WARN_UNUSED_VARIABLE = YES;
				IPHONEOS_DEPLOYMENT_TARGET = 14.3;
				MTL_ENABLE_DEBUG_INFO = INCLUDE_SOURCE;
				MTL_FAST_MATH = YES;
				ONLY_ACTIVE_ARCH = YES;
				SDKROOT = iphoneos;
				SWIFT_ACTIVE_COMPILATION_CONDITIONS = DEBUG;
				SWIFT_OPTIMIZATION_LEVEL = "-Onone";
			};
			name = Debug;
		};
		639FBE192597CA2800ADB01B /* Release */ = {
			isa = XCBuildConfiguration;
			buildSettings = {
				ALWAYS_SEARCH_USER_PATHS = NO;
				CLANG_ANALYZER_NONNULL = YES;
				CLANG_ANALYZER_NUMBER_OBJECT_CONVERSION = YES_AGGRESSIVE;
				CLANG_CXX_LANGUAGE_STANDARD = "gnu++14";
				CLANG_CXX_LIBRARY = "libc++";
				CLANG_ENABLE_MODULES = YES;
				CLANG_ENABLE_OBJC_ARC = YES;
				CLANG_ENABLE_OBJC_WEAK = YES;
				CLANG_WARN_BLOCK_CAPTURE_AUTORELEASING = YES;
				CLANG_WARN_BOOL_CONVERSION = YES;
				CLANG_WARN_COMMA = YES;
				CLANG_WARN_CONSTANT_CONVERSION = YES;
				CLANG_WARN_DEPRECATED_OBJC_IMPLEMENTATIONS = YES;
				CLANG_WARN_DIRECT_OBJC_ISA_USAGE = YES_ERROR;
				CLANG_WARN_DOCUMENTATION_COMMENTS = YES;
				CLANG_WARN_EMPTY_BODY = YES;
				CLANG_WARN_ENUM_CONVERSION = YES;
				CLANG_WARN_INFINITE_RECURSION = YES;
				CLANG_WARN_INT_CONVERSION = YES;
				CLANG_WARN_NON_LITERAL_NULL_CONVERSION = YES;
				CLANG_WARN_OBJC_IMPLICIT_RETAIN_SELF = YES;
				CLANG_WARN_OBJC_LITERAL_CONVERSION = YES;
				CLANG_WARN_OBJC_ROOT_CLASS = YES_ERROR;
				CLANG_WARN_QUOTED_INCLUDE_IN_FRAMEWORK_HEADER = YES;
				CLANG_WARN_RANGE_LOOP_ANALYSIS = YES;
				CLANG_WARN_STRICT_PROTOTYPES = YES;
				CLANG_WARN_SUSPICIOUS_MOVE = YES;
				CLANG_WARN_UNGUARDED_AVAILABILITY = YES_AGGRESSIVE;
				CLANG_WARN_UNREACHABLE_CODE = YES;
				CLANG_WARN__DUPLICATE_METHOD_MATCH = YES;
				COPY_PHASE_STRIP = NO;
				DEBUG_INFORMATION_FORMAT = "dwarf-with-dsym";
				ENABLE_NS_ASSERTIONS = NO;
				ENABLE_STRICT_OBJC_MSGSEND = YES;
				GCC_C_LANGUAGE_STANDARD = gnu11;
				GCC_NO_COMMON_BLOCKS = YES;
				GCC_WARN_64_TO_32_BIT_CONVERSION = YES;
				GCC_WARN_ABOUT_RETURN_TYPE = YES_ERROR;
				GCC_WARN_UNDECLARED_SELECTOR = YES;
				GCC_WARN_UNINITIALIZED_AUTOS = YES_AGGRESSIVE;
				GCC_WARN_UNUSED_FUNCTION = YES;
				GCC_WARN_UNUSED_VARIABLE = YES;
				IPHONEOS_DEPLOYMENT_TARGET = 14.3;
				MTL_ENABLE_DEBUG_INFO = NO;
				MTL_FAST_MATH = YES;
				SDKROOT = iphoneos;
				SWIFT_COMPILATION_MODE = wholemodule;
				SWIFT_OPTIMIZATION_LEVEL = "-O";
				VALIDATE_PRODUCT = YES;
			};
			name = Release;
		};
		639FBE1B2597CA2800ADB01B /* Debug */ = {
			isa = XCBuildConfiguration;
			buildSettings = {
				ASSETCATALOG_COMPILER_APPICON_NAME = AppIcon;
				ASSETCATALOG_COMPILER_GLOBAL_ACCENT_COLOR_NAME = AccentColor;
				CODE_SIGN_STYLE = Automatic;
				DEVELOPMENT_ASSET_PATHS = "\"BackgroundColor/Preview Content\"";
				DEVELOPMENT_TEAM = 3SGNZQGS68;
				ENABLE_PREVIEWS = YES;
				INFOPLIST_FILE = BackgroundColor/Info.plist;
				IPHONEOS_DEPLOYMENT_TARGET = 14.0;
				LD_RUNPATH_SEARCH_PATHS = (
					"$(inherited)",
					"@executable_path/Frameworks",
				);
				PRODUCT_BUNDLE_IDENTIFIER = com.fassko.BackgroundColor;
				PRODUCT_NAME = "$(TARGET_NAME)";
				SWIFT_VERSION = 5.0;
				TARGETED_DEVICE_FAMILY = "1,2";
			};
			name = Debug;
		};
		639FBE1C2597CA2800ADB01B /* Release */ = {
			isa = XCBuildConfiguration;
			buildSettings = {
				ASSETCATALOG_COMPILER_APPICON_NAME = AppIcon;
				ASSETCATALOG_COMPILER_GLOBAL_ACCENT_COLOR_NAME = AccentColor;
				CODE_SIGN_STYLE = Automatic;
				DEVELOPMENT_ASSET_PATHS = "\"BackgroundColor/Preview Content\"";
				DEVELOPMENT_TEAM = 3SGNZQGS68;
				ENABLE_PREVIEWS = YES;
				INFOPLIST_FILE = BackgroundColor/Info.plist;
				IPHONEOS_DEPLOYMENT_TARGET = 14.0;
				LD_RUNPATH_SEARCH_PATHS = (
					"$(inherited)",
					"@executable_path/Frameworks",
				);
				PRODUCT_BUNDLE_IDENTIFIER = com.fassko.BackgroundColor;
				PRODUCT_NAME = "$(TARGET_NAME)";
				SWIFT_VERSION = 5.0;
				TARGETED_DEVICE_FAMILY = "1,2";
			};
			name = Release;
		};
/* End XCBuildConfiguration section */

/* Begin XCConfigurationList section */
		639FBE062597CA2700ADB01B /* Build configuration list for PBXProject "BackgroundColor" */ = {
			isa = XCConfigurationList;
			buildConfigurations = (
				639FBE182597CA2800ADB01B /* Debug */,
				639FBE192597CA2800ADB01B /* Release */,
			);
			defaultConfigurationIsVisible = 0;
			defaultConfigurationName = Release;
		};
		639FBE1A2597CA2800ADB01B /* Build configuration list for PBXNativeTarget "BackgroundColor" */ = {
			isa = XCConfigurationList;
			buildConfigurations = (
				639FBE1B2597CA2800ADB01B /* Debug */,
				639FBE1C2597CA2800ADB01B /* Release */,
			);
			defaultConfigurationIsVisible = 0;
			defaultConfigurationName = Release;
		};
/* End XCConfigurationList section */
	};
	rootObject = 639FBE032597CA2700ADB01B /* Project object */;
}
